Microsoft Visual Studio Solution File, Format Version 12.00
# Visual Studio Version 17
VisualStudioVersion = 17.5.2.0
MinimumVisualStudioVersion = 10.0.40219.1
Project("{FAE04EC0-301F-11D3-BF4B-00C04F79EFBC}") = "AccountLib", "AccountLib.csproj", "{5AFB9408-43A7-1056-64A9-DE3F01437501}"
EndProject
Global
	GlobalSection(SolutionConfigurationPlatforms) = preSolution
		Debug|Any CPU = Debug|Any CPU
		Release|Any CPU = Release|Any CPU
	EndGlobalSection
	GlobalSection(ProjectConfigurationPlatforms) = postSolution
		{5AFB9408-43A7-1056-64A9-DE3F01437501}.Debug|Any CPU.ActiveCfg = Debug|Any CPU
		{5AFB9408-43A7-1056-64A9-DE3F01437501}.Debug|Any CPU.Build.0 = Debug|Any CPU
		{5AFB9408-43A7-1056-64A9-DE3F01437501}.Release|Any CPU.ActiveCfg = Release|Any CPU
		{5AFB9408-43A7-1056-64A9-DE3F01437501}.Release|Any CPU.Build.0 = Release|Any CPU
	EndGlobalSection
	GlobalSection(SolutionProperties) = preSolution
		HideSolutionNode = FALSE
	EndGlobalSection
	GlobalSection(ExtensibilityGlobals) = postSolution
		SolutionGuid = {282D2912-FBE1-41F9-B531-1B125D4B17B9}
	EndGlobalSection
EndGlobal
